
Microsoft Visual Studio Solution File, Format Version 12.00
# Visual Studio Version 17
VisualStudioVersion = 17.0.31903.59
MinimumVisualStudioVersion = 10.0.40219.1
Project("{2150E333-8FDC-42A3-9474-1A3956D46DE8}") = "src", "src", "{827E0CD3-B72D-47B6-A68D-7590B98EB39B}"
EndProject
Project("{FAE04EC0-301F-11D3-BF4B-00C04F79EFBC}") = "Core", "src\Core\Core.csproj", "{C3D18E2C-EB16-4FB7-9724-278340CFEDBC}"
EndProject
Project("{FAE04EC0-301F-11D3-BF4B-00C04F79EFBC}") = "Abstractions", "src\Abstractions\Abstractions.csproj", "{9ED191D4-3142-4EE7-AB12-B3E3F2732E9D}"
EndProject
Project("{FAE04EC0-301F-11D3-BF4B-00C04F79EFBC}") = "EntityFramework", "src\EntityFramework\EntityFramework.csproj", "{1DBA0B7A-923D-4409-BF06-810A943D7495}"
EndProject
Project("{FAE04EC0-301F-11D3-BF4B-00C04F79EFBC}") = "Generators", "src\Generators\Generators.csproj", "{1D72FB90-E76D-4DD6-8F74-4F909FEA7CB9}"
EndProject
Project("{FAE04EC0-301F-11D3-BF4B-00C04F79EFBC}") = "Extensions.DependencyInjection", "src\Extensions.DependencyInjection\Extensions.DependencyInjection.csproj", "{D88A8E7F-C7A1-46C7-9B56-C234059F4284}"
EndProject
Project("{2150E333-8FDC-42A3-9474-1A3956D46DE8}") = "tests", "tests", "{0AB3BF05-4346-4AA6-1389-037BE0695223}"
EndProject
Project("{FAE04EC0-301F-11D3-BF4B-00C04F79EFBC}") = "Core.Tests", "tests\Core.Tests\Core.Tests.csproj", "{7C31E781-8559-4E0E-81DB-8FBE4A87D244}"
EndProject
Project("{FAE04EC0-301F-11D3-BF4B-00C04F79EFBC}") = "EntityFramework.Tests", "tests\EntityFramework.Tests\EntityFramework.Tests.csproj", "{60B38B73-D4F8-4A85-9F7E-3CA93250AC81}"
EndProject
Project("{FAE04EC0-301F-11D3-BF4B-00C04F79EFBC}") = "Generators.Tests", "tests\Generators.Tests\Generators.Tests.csproj", "{C1CBE1B7-5BF9-4E68-8BE5-2164ABB9509A}"
EndProject
Project("{FAE04EC0-301F-11D3-BF4B-00C04F79EFBC}") = "IntegrationTests", "tests\IntegrationTests\IntegrationTests.csproj", "{EFFC33C8-EEEF-4589-96E8-175B19506F38}"
EndProject
Project("{2150E333-8FDC-42A3-9474-1A3956D46DE8}") = "samples", "samples", "{5D20AA90-6969-D8BD-9DCD-8634F4692FDA}"
EndProject
Project("{FAE04EC0-301F-11D3-BF4B-00C04F79EFBC}") = "Sample.WebApi", "samples\Sample.WebApi\Sample.WebApi.csproj", "{1FFA4F7C-E6A2-4CFE-8461-DB4AA0C4A356}"
EndProject
Project("{FAE04EC0-301F-11D3-BF4B-00C04F79EFBC}") = "Sample.Minimal", "samples\Sample.Minimal\Sample.Minimal.csproj", "{D2AF93D3-6881-4D41-9511-D994407BA347}"
EndProject
Global
	GlobalSection(SolutionConfigurationPlatforms) = preSolution
		Debug|Any CPU = Debug|Any CPU
		Debug|x64 = Debug|x64
		Debug|x86 = Debug|x86
		Release|Any CPU = Release|Any CPU
		Release|x64 = Release|x64
		Release|x86 = Release|x86
	EndGlobalSection
	GlobalSection(ProjectConfigurationPlatforms) = postSolution
		{C3D18E2C-EB16-4FB7-9724-278340CFEDBC}.Debug|Any CPU.ActiveCfg = Debug|Any CPU
		{C3D18E2C-EB16-4FB7-9724-278340CFEDBC}.Debug|Any CPU.Build.0 = Debug|Any CPU
		{C3D18E2C-EB16-4FB7-9724-278340CFEDBC}.Debug|x64.ActiveCfg = Debug|Any CPU
		{C3D18E2C-EB16-4FB7-9724-278340CFEDBC}.Debug|x64.Build.0 = Debug|Any CPU
		{C3D18E2C-EB16-4FB7-9724-278340CFEDBC}.Debug|x86.ActiveCfg = Debug|Any CPU
		{C3D18E2C-EB16-4FB7-9724-278340CFEDBC}.Debug|x86.Build.0 = Debug|Any CPU
		{C3D18E2C-EB16-4FB7-9724-278340CFEDBC}.Release|Any CPU.ActiveCfg = Release|Any CPU
		{C3D18E2C-EB16-4FB7-9724-278340CFEDBC}.Release|Any CPU.Build.0 = Release|Any CPU
		{C3D18E2C-EB16-4FB7-9724-278340CFEDBC}.Release|x64.ActiveCfg = Release|Any CPU
		{C3D18E2C-EB16-4FB7-9724-278340CFEDBC}.Release|x64.Build.0 = Release|Any CPU
		{C3D18E2C-EB16-4FB7-9724-278340CFEDBC}.Release|x86.ActiveCfg = Release|Any CPU
		{C3D18E2C-EB16-4FB7-9724-278340CFEDBC}.Release|x86.Build.0 = Release|Any CPU
		{9ED191D4-3142-4EE7-AB12-B3E3F2732E9D}.Debug|Any CPU.ActiveCfg = Debug|Any CPU
		{9ED191D4-3142-4EE7-AB12-B3E3F2732E9D}.Debug|Any CPU.Build.0 = Debug|Any CPU
		{9ED191D4-3142-4EE7-AB12-B3E3F2732E9D}.Debug|x64.ActiveCfg = Debug|Any CPU
		{9ED191D4-3142-4EE7-AB12-B3E3F2732E9D}.Debug|x64.Build.0 = Debug|Any CPU
		{9ED191D4-3142-4EE7-AB12-B3E3F2732E9D}.Debug|x86.ActiveCfg = Debug|Any CPU
		{9ED191D4-3142-4EE7-AB12-B3E3F2732E9D}.Debug|x86.Build.0 = Debug|Any CPU
		{9ED191D4-3142-4EE7-AB12-B3E3F2732E9D}.Release|Any CPU.ActiveCfg = Release|Any CPU
		{9ED191D4-3142-4EE7-AB12-B3E3F2732E9D}.Release|Any CPU.Build.0 = Release|Any CPU
		{9ED191D4-3142-4EE7-AB12-B3E3F2732E9D}.Release|x64.ActiveCfg = Release|Any CPU
		{9ED191D4-3142-4EE7-AB12-B3E3F2732E9D}.Release|x64.Build.0 = Release|Any CPU
		{9ED191D4-3142-4EE7-AB12-B3E3F2732E9D}.Release|x86.ActiveCfg = Release|Any CPU
		{9ED191D4-3142-4EE7-AB12-B3E3F2732E9D}.Release|x86.Build.0 = Release|Any CPU
		{1DBA0B7A-923D-4409-BF06-810A943D7495}.Debug|Any CPU.ActiveCfg = Debug|Any CPU
		{1DBA0B7A-923D-4409-BF06-810A943D7495}.Debug|Any CPU.Build.0 = Debug|Any CPU
		{1DBA0B7A-923D-4409-BF06-810A943D7495}.Debug|x64.ActiveCfg = Debug|Any CPU
		{1DBA0B7A-923D-4409-BF06-810A943D7495}.Debug|x64.Build.0 = Debug|Any CPU
		{1DBA0B7A-923D-4409-BF06-810A943D7495}.Debug|x86.ActiveCfg = Debug|Any CPU
		{1DBA0B7A-923D-4409-BF06-810A943D7495}.Debug|x86.Build.0 = Debug|Any CPU
		{1DBA0B7A-923D-4409-BF06-810A943D7495}.Release|Any CPU.ActiveCfg = Release|Any CPU
		{1DBA0B7A-923D-4409-BF06-810A943D7495}.Release|Any CPU.Build.0 = Release|Any CPU
		{1DBA0B7A-923D-4409-BF06-810A943D7495}.Release|x64.ActiveCfg = Release|Any CPU
		{1DBA0B7A-923D-4409-BF06-810A943D7495}.Release|x64.Build.0 = Release|Any CPU
		{1DBA0B7A-923D-4409-BF06-810A943D7495}.Release|x86.ActiveCfg = Release|Any CPU
		{1DBA0B7A-923D-4409-BF06-810A943D7495}.Release|x86.Build.0 = Release|Any CPU
		{1D72FB90-E76D-4DD6-8F74-4F909FEA7CB9}.Debug|Any CPU.ActiveCfg = Debug|Any CPU
		{1D72FB90-E76D-4DD6-8F74-4F909FEA7CB9}.Debug|Any CPU.Build.0 = Debug|Any CPU
		{1D72FB90-E76D-4DD6-8F74-4F909FEA7CB9}.Debug|x64.ActiveCfg = Debug|Any CPU
		{1D72FB90-E76D-4DD6-8F74-4F909FEA7CB9}.Debug|x64.Build.0 = Debug|Any CPU
		{1D72FB90-E76D-4DD6-8F74-4F909FEA7CB9}.Debug|x86.ActiveCfg = Debug|Any CPU
		{1D72FB90-E76D-4DD6-8F74-4F909FEA7CB9}.Debug|x86.Build.0 = Debug|Any CPU
		{1D72FB90-E76D-4DD6-8F74-4F909FEA7CB9}.Release|Any CPU.ActiveCfg = Release|Any CPU
		{1D72FB90-E76D-4DD6-8F74-4F909FEA7CB9}.Release|Any CPU.Build.0 = Release|Any CPU
		{1D72FB90-E76D-4DD6-8F74-4F909FEA7CB9}.Release|x64.ActiveCfg = Release|Any CPU
		{1D72FB90-E76D-4DD6-8F74-4F909FEA7CB9}.Release|x64.Build.0 = Release|Any CPU
		{1D72FB90-E76D-4DD6-8F74-4F909FEA7CB9}.Release|x86.ActiveCfg = Release|Any CPU
		{1D72FB90-E76D-4DD6-8F74-4F909FEA7CB9}.Release|x86.Build.0 = Release|Any CPU
		{D88A8E7F-C7A1-46C7-9B56-C234059F4284}.Debug|Any CPU.ActiveCfg = Debug|Any CPU
		{D88A8E7F-C7A1-46C7-9B56-C234059F4284}.Debug|Any CPU.Build.0 = Debug|Any CPU
		{D88A8E7F-C7A1-46C7-9B56-C234059F4284}.Debug|x64.ActiveCfg = Debug|Any CPU
		{D88A8E7F-C7A1-46C7-9B56-C234059F4284}.Debug|x64.Build.0 = Debug|Any CPU
		{D88A8E7F-C7A1-46C7-9B56-C234059F4284}.Debug|x86.ActiveCfg = Debug|Any CPU
		{D88A8E7F-C7A1-46C7-9B56-C234059F4284}.Debug|x86.Build.0 = Debug|Any CPU
		{D88A8E7F-C7A1-46C7-9B56-C234059F4284}.Release|Any CPU.ActiveCfg = Release|Any CPU
		{D88A8E7F-C7A1-46C7-9B56-C234059F4284}.Release|Any CPU.Build.0 = Release|Any CPU
		{D88A8E7F-C7A1-46C7-9B56-C234059F4284}.Release|x64.ActiveCfg = Release|Any CPU
		{D88A8E7F-C7A1-46C7-9B56-C234059F4284}.Release|x64.Build.0 = Release|Any CPU
		{D88A8E7F-C7A1-46C7-9B56-C234059F4284}.Release|x86.ActiveCfg = Release|Any CPU
		{D88A8E7F-C7A1-46C7-9B56-C234059F4284}.Release|x86.Build.0 = Release|Any CPU
		{7C31E781-8559-4E0E-81DB-8FBE4A87D244}.Debug|Any CPU.ActiveCfg = Debug|Any CPU
		{7C31E781-8559-4E0E-81DB-8FBE4A87D244}.Debug|Any CPU.Build.0 = Debug|Any CPU
		{7C31E781-8559-4E0E-81DB-8FBE4A87D244}.Debug|x64.ActiveCfg = Debug|Any CPU
		{7C31E781-8559-4E0E-81DB-8FBE4A87D244}.Debug|x64.Build.0 = Debug|Any CPU
		{7C31E781-8559-4E0E-81DB-8FBE4A87D244}.Debug|x86.ActiveCfg = Debug|Any CPU
		{7C31E781-8559-4E0E-81DB-8FBE4A87D244}.Debug|x86.Build.0 = Debug|Any CPU
		{7C31E781-8559-4E0E-81DB-8FBE4A87D244}.Release|Any CPU.ActiveCfg = Release|Any CPU
		{7C31E781-8559-4E0E-81DB-8FBE4A87D244}.Release|Any CPU.Build.0 = Release|Any CPU
		{7C31E781-8559-4E0E-81DB-8FBE4A87D244}.Release|x64.ActiveCfg = Release|Any CPU
		{7C31E781-8559-4E0E-81DB-8FBE4A87D244}.Release|x64.Build.0 = Release|Any CPU
		{7C31E781-8559-4E0E-81DB-8FBE4A87D244}.Release|x86.ActiveCfg = Release|Any CPU
		{7C31E781-8559-4E0E-81DB-8FBE4A87D244}.Release|x86.Build.0 = Release|Any CPU
		{60B38B73-D4F8-4A85-9F7E-3CA93250AC81}.Debug|Any CPU.ActiveCfg = Debug|Any CPU
		{60B38B73-D4F8-4A85-9F7E-3CA93250AC81}.Debug|Any CPU.Build.0 = Debug|Any CPU
		{60B38B73-D4F8-4A85-9F7E-3CA93250AC81}.Debug|x64.ActiveCfg = Debug|Any CPU
		{60B38B73-D4F8-4A85-9F7E-3CA93250AC81}.Debug|x64.Build.0 = Debug|Any CPU
		{60B38B73-D4F8-4A85-9F7E-3CA93250AC81}.Debug|x86.ActiveCfg = Debug|Any CPU
		{60B38B73-D4F8-4A85-9F7E-3CA93250AC81}.Debug|x86.Build.0 = Debug|Any CPU
		{60B38B73-D4F8-4A85-9F7E-3CA93250AC81}.Release|Any CPU.ActiveCfg = Release|Any CPU
		{60B38B73-D4F8-4A85-9F7E-3CA93250AC81}.Release|Any CPU.Build.0 = Release|Any CPU
		{60B38B73-D4F8-4A85-9F7E-3CA93250AC81}.Release|x64.ActiveCfg = Release|Any CPU
		{60B38B73-D4F8-4A85-9F7E-3CA93250AC81}.Release|x64.Build.0 = Release|Any CPU
		{60B38B73-D4F8-4A85-9F7E-3CA93250AC81}.Release|x86.ActiveCfg = Release|Any CPU
		{60B38B73-D4F8-4A85-9F7E-3CA93250AC81}.Release|x86.Build.0 = Release|Any CPU
		{C1CBE1B7-5BF9-4E68-8BE5-2164ABB9509A}.Debug|Any CPU.ActiveCfg = Debug|Any CPU
		{C1CBE1B7-5BF9-4E68-8BE5-2164ABB9509A}.Debug|Any CPU.Build.0 = Debug|Any CPU
		{C1CBE1B7-5BF9-4E68-8BE5-2164ABB9509A}.Debug|x64.ActiveCfg = Debug|Any CPU
		{C1CBE1B7-5BF9-4E68-8BE5-2164ABB9509A}.Debug|x64.Build.0 = Debug|Any CPU
		{C1CBE1B7-5BF9-4E68-8BE5-2164ABB9509A}.Debug|x86.ActiveCfg = Debug|Any CPU
		{C1CBE1B7-5BF9-4E68-8BE5-2164ABB9509A}.Debug|x86.Build.0 = Debug|Any CPU
		{C1CBE1B7-5BF9-4E68-8BE5-2164ABB9509A}.Release|Any CPU.ActiveCfg = Release|Any CPU
		{C1CBE1B7-5BF9-4E68-8BE5-2164ABB9509A}.Release|Any CPU.Build.0 = Release|Any CPU
		{C1CBE1B7-5BF9-4E68-8BE5-2164ABB9509A}.Release|x64.ActiveCfg = Release|Any CPU
		{C1CBE1B7-5BF9-4E68-8BE5-2164ABB9509A}.Release|x64.Build.0 = Release|Any CPU
		{C1CBE1B7-5BF9-4E68-8BE5-2164ABB9509A}.Release|x86.ActiveCfg = Release|Any CPU
		{C1CBE1B7-5BF9-4E68-8BE5-2164ABB9509A}.Release|x86.Build.0 = Release|Any CPU
		{EFFC33C8-EEEF-4589-96E8-175B19506F38}.Debug|Any CPU.ActiveCfg = Debug|Any CPU
		{EFFC33C8-EEEF-4589-96E8-175B19506F38}.Debug|Any CPU.Build.0 = Debug|Any CPU
		{EFFC33C8-EEEF-4589-96E8-175B19506F38}.Debug|x64.ActiveCfg = Debug|Any CPU
		{EFFC33C8-EEEF-4589-96E8-175B19506F38}.Debug|x64.Build.0 = Debug|Any CPU
		{EFFC33C8-EEEF-4589-96E8-175B19506F38}.Debug|x86.ActiveCfg = Debug|Any CPU
		{EFFC33C8-EEEF-4589-96E8-175B19506F38}.Debug|x86.Build.0 = Debug|Any CPU
		{EFFC33C8-EEEF-4589-96E8-175B19506F38}.Release|Any CPU.ActiveCfg = Release|Any CPU
		{EFFC33C8-EEEF-4589-96E8-175B19506F38}.Release|Any CPU.Build.0 = Release|Any CPU
		{EFFC33C8-EEEF-4589-96E8-175B19506F38}.Release|x64.ActiveCfg = Release|Any CPU
		{EFFC33C8-EEEF-4589-96E8-175B19506F38}.Release|x64.Build.0 = Release|Any CPU
		{EFFC33C8-EEEF-4589-96E8-175B19506F38}.Release|x86.ActiveCfg = Release|Any CPU
		{EFFC33C8-EEEF-4589-96E8-175B19506F38}.Release|x86.Build.0 = Release|Any CPU
		{1FFA4F7C-E6A2-4CFE-8461-DB4AA0C4A356}.Debug|Any CPU.ActiveCfg = Debug|Any CPU
		{1FFA4F7C-E6A2-4CFE-8461-DB4AA0C4A356}.Debug|Any CPU.Build.0 = Debug|Any CPU
		{1FFA4F7C-E6A2-4CFE-8461-DB4AA0C4A356}.Debug|x64.ActiveCfg = Debug|Any CPU
		{1FFA4F7C-E6A2-4CFE-8461-DB4AA0C4A356}.Debug|x64.Build.0 = Debug|Any CPU
		{1FFA4F7C-E6A2-4CFE-8461-DB4AA0C4A356}.Debug|x86.ActiveCfg = Debug|Any CPU
		{1FFA4F7C-E6A2-4CFE-8461-DB4AA0C4A356}.Debug|x86.Build.0 = Debug|Any CPU
		{1FFA4F7C-E6A2-4CFE-8461-DB4AA0C4A356}.Release|Any CPU.ActiveCfg = Release|Any CPU
		{1FFA4F7C-E6A2-4CFE-8461-DB4AA0C4A356}.Release|Any CPU.Build.0 = Release|Any CPU
		{1FFA4F7C-E6A2-4CFE-8461-DB4AA0C4A356}.Release|x64.ActiveCfg = Release|Any CPU
		{1FFA4F7C-E6A2-4CFE-8461-DB4AA0C4A356}.Release|x64.Build.0 = Release|Any CPU
		{1FFA4F7C-E6A2-4CFE-8461-DB4AA0C4A356}.Release|x86.ActiveCfg = Release|Any CPU
		{1FFA4F7C-E6A2-4CFE-8461-DB4AA0C4A356}.Release|x86.Build.0 = Release|Any CPU
		{D2AF93D3-6881-4D41-9511-D994407BA347}.Debug|Any CPU.ActiveCfg = Debug|Any CPU
		{D2AF93D3-6881-4D41-9511-D994407BA347}.Debug|Any CPU.Build.0 = Debug|Any CPU
		{D2AF93D3-6881-4D41-9511-D994407BA347}.Debug|x64.ActiveCfg = Debug|Any CPU
		{D2AF93D3-6881-4D41-9511-D994407BA347}.Debug|x64.Build.0 = Debug|Any CPU
		{D2AF93D3-6881-4D41-9511-D994407BA347}.Debug|x86.ActiveCfg = Debug|Any CPU
		{D2AF93D3-6881-4D41-9511-D994407BA347}.Debug|x86.Build.0 = Debug|Any CPU
		{D2AF93D3-6881-4D41-9511-D994407BA347}.Release|Any CPU.ActiveCfg = Release|Any CPU
		{D2AF93D3-6881-4D41-9511-D994407BA347}.Release|Any CPU.Build.0 = Release|Any CPU
		{D2AF93D3-6881-4D41-9511-D994407BA347}.Release|x64.ActiveCfg = Release|Any CPU
		{D2AF93D3-6881-4D41-9511-D994407BA347}.Release|x64.Build.0 = Release|Any CPU
		{D2AF93D3-6881-4D41-9511-D994407BA347}.Release|x86.ActiveCfg = Release|Any CPU
		{D2AF93D3-6881-4D41-9511-D994407BA347}.Release|x86.Build.0 = Release|Any CPU
	EndGlobalSection
	GlobalSection(SolutionProperties) = preSolution
		HideSolutionNode = FALSE
	EndGlobalSection
	GlobalSection(NestedProjects) = preSolution
		{C3D18E2C-EB16-4FB7-9724-278340CFEDBC} = {827E0CD3-B72D-47B6-A68D-7590B98EB39B}
		{9ED191D4-3142-4EE7-AB12-B3E3F2732E9D} = {827E0CD3-B72D-47B6-A68D-7590B98EB39B}
		{1DBA0B7A-923D-4409-BF06-810A943D7495} = {827E0CD3-B72D-47B6-A68D-7590B98EB39B}
		{1D72FB90-E76D-4DD6-8F74-4F909FEA7CB9} = {827E0CD3-B72D-47B6-A68D-7590B98EB39B}
		{D88A8E7F-C7A1-46C7-9B56-C234059F4284} = {827E0CD3-B72D-47B6-A68D-7590B98EB39B}
		{7C31E781-8559-4E0E-81DB-8FBE4A87D244} = {0AB3BF05-4346-4AA6-1389-037BE0695223}
		{60B38B73-D4F8-4A85-9F7E-3CA93250AC81} = {0AB3BF05-4346-4AA6-1389-037BE0695223}
		{C1CBE1B7-5BF9-4E68-8BE5-2164ABB9509A} = {0AB3BF05-4346-4AA6-1389-037BE0695223}
		{EFFC33C8-EEEF-4589-96E8-175B19506F38} = {0AB3BF05-4346-4AA6-1389-037BE0695223}
		{1FFA4F7C-E6A2-4CFE-8461-DB4AA0C4A356} = {5D20AA90-6969-D8BD-9DCD-8634F4692FDA}
		{D2AF93D3-6881-4D41-9511-D994407BA347} = {5D20AA90-6969-D8BD-9DCD-8634F4692FDA}
	EndGlobalSection
EndGlobal
